// !$*UTF8*$!
{
	archiveVersion = 1;
	classes = {
	};
	objectVersion = 46;
	objects = {

/* Begin PBXBuildFile section */
		05ED32781BEE344E00D53C4B /* main.m in Sources */ = {isa = PBXBuildFile; fileRef = 05ED32771BEE344E00D53C4B /* main.m */; };
		05ED327B1BEE344E00D53C4B /* AppDelegate.m in Sources */ = {isa = PBXBuildFile; fileRef = 05ED327A1BEE344E00D53C4B /* AppDelegate.m */; };
		05ED327E1BEE344E00D53C4B /* ViewController.m in Sources */ = {isa = PBXBuildFile; fileRef = 05ED327D1BEE344E00D53C4B /* ViewController.m */; };
		05ED32811BEE344E00D53C4B /* Main.storyboard in Resources */ = {isa = PBXBuildFile; fileRef = 05ED327F1BEE344E00D53C4B /* Main.storyboard */; };
		05ED32831BEE344E00D53C4B /* Assets.xcassets in Resources */ = {isa = PBXBuildFile; fileRef = 05ED32821BEE344E00D53C4B /* Assets.xcassets */; };
		05ED32861BEE344E00D53C4B /* LaunchScreen.storyboard in Resources */ = {isa = PBXBuildFile; fileRef = 05ED32841BEE344E00D53C4B /* LaunchScreen.storyboard */; };
/* End PBXBuildFile section */

/* Begin PBXFileReference section */
		05ED32731BEE344E00D53C4B /* gitDemo.app */ = {isa = PBXFileReference; explicitFileType = wrapper.application; includeInIndex = 0; path = gitDemo.app; sourceTree = BUILT_PRODUCTS_DIR; };
		05ED32771BEE344E00D53C4B /* main.m */ = {isa = PBXFileReference; lastKnownFileType = sourcecode.c.objc; path = main.m; sourceTree = "<group>"; };
		05ED32791BEE344E00D53C4B /* AppDelegate.h */ = {isa = PBXFileReference; lastKnownFileType = sourcecode.c.h; path = AppDelegate.h; sourceTree = "<group>"; };
		05ED327A1BEE344E00D53C4B /* AppDelegate.m */ = {isa = PBXFileReference; lastKnownFileType = sourcecode.c.objc; path = AppDelegate.m; sourceTree = "<group>"; };
		05ED327C1BEE344E00D53C4B /* ViewController.h */ = {isa = PBXFileReference; lastKnownFileType = sourcecode.c.h; path = ViewController.h; sourceTree = "<group>"; };
		05ED327D1BEE344E00D53C4B /* ViewController.m */ = {isa = PBXFileReference; lastKnownFileType = sourcecode.c.objc; path = ViewController.m; sourceTree = "<group>"; };
		05ED32801BEE344E00D53C4B /* Base */ = {isa = PBXFileReference; lastKnownFileType = file.storyboard; name = Base; path = Base.lproj/Main.storyboard; sourceTree = "<group>"; };
		05ED32821BEE344E00D53C4B /* Assets.xcassets */ = {isa = PBXFileReference; lastKnownFileType = folder.assetcatalog; path = Assets.xcassets; sourceTree = "<group>"; };
		05ED32851BEE344E00D53C4B /* Base */ = {isa = PBXFileReference; lastKnownFileType = file.storyboard; name = Base; path = Base.lproj/LaunchScreen.storyboard; sourceTree = "<group>"; };
		05ED32871BEE344E00D53C4B /* Info.plist */ = {isa = PBXFileReference; lastKnownFileType = text.plist.xml; path = Info.plist; sourceTree = "<group>"; };
/* End PBXFileReference section */

/* Begin PBXFrameworksBuildPhase section */
		05ED32701BEE344E00D53C4B /* Frameworks */ = {
			isa = PBXFrameworksBuildPhase;
			buildActionMask = 2147483647;
			files = (
			);
			runOnlyForDeploymentPostprocessing = 0;
		};
/* End PBXFrameworksBuildPhase section */

/* Begin PBXGroup section */
		05ED326A1BEE344E00D53C4B = {
			isa = PBXGroup;
			children = (
				05ED32751BEE344E00D53C4B /* gitDemo */,
				05ED32741BEE344E00D53C4B /* Products */,
			);
			sourceTree = "<group>";
		};
		05ED32741BEE344E00D53C4B /* Products */ = {
			isa = PBXGroup;
			children = (
				05ED32731BEE344E00D53C4B /* gitDemo.app */,
			);
			name = Products;
			sourceTree = "<group>";
		};
		05ED32751BEE344E00D53C4B /* gitDemo */ = {
			isa = PBXGroup;
			children = (
				05ED32791BEE344E00D53C4B /* AppDelegate.h */,
				05ED327A1BEE344E00D53C4B /* AppDelegate.m */,
				05ED327C1BEE344E00D53C4B /* ViewController.h */,
				05ED327D1BEE344E00D53C4B /* ViewController.m */,
				05ED327F1BEE344E00D53C4B /* Main.storyboard */,
				05ED32821BEE344E00D53C4B /* Assets.xcassets */,
				05ED32841BEE344E00D53C4B /* LaunchScreen.storyboard */,
				05ED32871BEE344E00D53C4B /* Info.plist */,
				05ED32761BEE344E00D53C4B /* Supporting Files */,
			);
			path = gitDemo;
			sourceTree = "<group>";
		};
		05ED32761BEE344E00D53C4B /* Supporting Files */ = {
			isa = PBXGroup;
			children = (
				05ED32771BEE344E00D53C4B /* main.m */,
			);
			name = "Supporting Files";
			sourceTree = "<group>";
		};
/* End PBXGroup section */

/* Begin PBXNativeTarget section */
		05ED32721BEE344E00D53C4B /* gitDemo */ = {
			isa = PBXNativeTarget;
			buildConfigurationList = 05ED328A1BEE344E00D53C4B /* Build configuration list for PBXNativeTarget "gitDemo" */;
			buildPhases = (
				05ED326F1BEE344E00D53C4B /* Sources */,
				05ED32701BEE344E00D53C4B /* Frameworks */,
				05ED32711BEE344E00D53C4B /* Resources */,
			);
			buildRules = (
			);
			dependencies = (
			);
			name = gitDemo;
			productName = gitDemo;
			productReference = 05ED32731BEE344E00D53C4B /* gitDemo.app */;
			productType = "com.apple.product-type.application";
		};
/* End PBXNativeTarget section */

/* Begin PBXProject section */
		05ED326B1BEE344E00D53C4B /* Project object */ = {
			isa = PBXProject;
			attributes = {
				LastUpgradeCheck = 0710;
				ORGANIZATIONNAME = sinaGame;
				TargetAttributes = {
					05ED32721BEE344E00D53C4B = {
						CreatedOnToolsVersion = 7.1;
					};
				};
			};
			buildConfigurationList = 05ED326E1BEE344E00D53C4B /* Build configuration list for PBXProject "gitDemo" */;
			compatibilityVersion = "Xcode 3.2";
			developmentRegion = English;
			hasScannedForEncodings = 0;
			knownRegions = (
				en,
				Base,
			);
			mainGroup = 05ED326A1BEE344E00D53C4B;
			productRefGroup = 05ED32741BEE344E00D53C4B /* Products */;
			projectDirPath = "";
			projectRoot = "";
			targets = (
				05ED32721BEE344E00D53C4B /* gitDemo */,
			);
		};
/* End PBXProject section */

/* Begin PBXResourcesBuildPhase section */
		05ED32711BEE344E00D53C4B /* Resources */ = {
			isa = PBXResourcesBuildPhase;
			buildActionMask = 2147483647;
			files = (
				05ED32861BEE344E00D53C4B /* LaunchScreen.storyboard in Resources */,
				05ED32831BEE344E00D53C4B /* Assets.xcassets in Resources */,
				05ED32811BEE344E00D53C4B /* Main.storyboard in Resources */,
			);
			runOnlyForDeploymentPostprocessing = 0;
		};
/* End PBXResourcesBuildPhase section */

/* Begin PBXSourcesBuildPhase section */
		05ED326F1BEE344E00D53C4B /* Sources */ = {
			isa = PBXSourcesBuildPhase;
			buildActionMask = 2147483647;
			files = (
				05ED327E1BEE344E00D53C4B /* ViewController.m in Sources */,
				05ED327B1BEE344E00D53C4B /* AppDelegate.m in Sources */,
				05ED32781BEE344E00D53C4B /* main.m in Sources */,
			);
			runOnlyForDeploymentPostprocessing = 0;
		};
/* End PBXSourcesBuildPhase section */

/* Begin PBXVariantGroup section */
		05ED327F1BEE344E00D53C4B /* Main.storyboard */ = {
			isa = PBXVariantGroup;
			children = (
				05ED32801BEE344E00D53C4B /* Base */,
			);
			name = Main.storyboard;
			sourceTree = "<group>";
		};
		05ED32841BEE344E00D53C4B /* LaunchScreen.storyboard */ = {
			isa = PBXVariantGroup;
			children = (
				05ED32851BEE344E00D53C4B /* Base */,
			);
			name = LaunchScreen.storyboard;
			sourceTree = "<group>";
		};
/* End PBXVariantGroup section */

/* Begin XCBuildConfiguration section */
		05ED32881BEE344E00D53C4B /* Debug */ = {
			isa = XCBuildConfiguration;
			buildSettings = {
				ALWAYS_SEARCH_USER_PATHS = NO;
				CLANG_CXX_LANGUAGE_STANDARD = "gnu++0x";
				CLANG_CXX_LIBRARY = "libc++";
				CLANG_ENABLE_MODULES = YES;
				CLANG_ENABLE_OBJC_ARC = YES;
				CLANG_WARN_BOOL_CONVERSION = YES;
				CLANG_WARN_CONSTANT_CONVERSION = YES;
				CLANG_WARN_DIRECT_OBJC_ISA_USAGE = YES_ERROR;
				CLANG_WARN_EMPTY_BODY = YES;
				CLANG_WARN_ENUM_CONVERSION = YES;
				CLANG_WARN_INT_CONVERSION = YES;
				CLANG_WARN_OBJC_ROOT_CLASS = YES_ERROR;
				CLANG_WARN_UNREACHABLE_CODE = YES;
				CLANG_WARN__DUPLICATE_METHOD_MATCH = YES;
				"CODE_SIGN_IDENTITY[sdk=iphoneos*]" = "iPhone Developer";
				COPY_PHASE_STRIP = NO;
				DEBUG_INFORMATION_FORMAT = dwarf;
				ENABLE_STRICT_OBJC_MSGSEND = YES;
				ENABLE_TESTABILITY = YES;
				GCC_C_LANGUAGE_STANDARD = gnu99;
				GCC_DYNAMIC_NO_PIC = NO;
				GCC_NO_COMMON_BLOCKS = YES;
				GCC_OPTIMIZATION_LEVEL = 0;
				GCC_PREPROCESSOR_DEFINITIONS = (
					"DEBUG=1",
					"$(inherited)",
				);
				GCC_WARN_64_TO_32_BIT_CONVERSION = YES;
				GCC_WARN_ABOUT_RETURN_TYPE = YES_ERROR;
				GCC_WARN_UNDECLARED_SELECTOR = YES;
				GCC_WARN_UNINITIALIZED_AUTOS = YES_AGGRESSIVE;
				GCC_WARN_UNUSED_FUNCTION = YES;
				GCC_WARN_UNUSED_VARIABLE = YES;
				IPHONEOS_DEPLOYMENT_TARGET = 9.1;
				MTL_ENABLE_DEBUG_INFO = YES;
				ONLY_ACTIVE_ARCH = YES;
				SDKROOT = iphoneos;
			};
			name = Debug;
		};
		05ED32891BEE344E00D53C4B /* Release */ = {
			isa = XCBuildConfiguration;
			buildSettings = {
				ALWAYS_SEARCH_USER_PATHS = NO;
				CLANG_CXX_LANGUAGE_STANDARD = "gnu++0x";
				CLANG_CXX_LIBRARY = "libc++";
				CLANG_ENABLE_MODULES = YES;
				CLANG_ENABLE_OBJC_ARC = YES;
				CLANG_WARN_BOOL_CONVERSION = YES;
				CLANG_WARN_CONSTANT_CONVERSION = YES;
				CLANG_WARN_DIRECT_OBJC_ISA_USAGE = YES_ERROR;
				CLANG_WARN_EMPTY_BODY = YES;
				CLANG_WARN_ENUM_CONVERSION = YES;
				CLANG_WARN_INT_CONVERSION = YES;
				CLANG_WARN_OBJC_ROOT_CLASS = YES_ERROR;
				CLANG_WARN_UNREACHABLE_CODE = YES;
				CLANG_WARN__DUPLICATE_METHOD_MATCH = YES;
				"CODE_SIGN_IDENTITY[sdk=iphoneos*]" = "iPhone Developer";
				COPY_PHASE_STRIP = NO;
				DEBUG_INFORMATION_FORMAT = "dwarf-with-dsym";
				ENABLE_NS_ASSERTIONS = NO;
				ENABLE_STRICT_OBJC_MSGSEND = YES;
				GCC_C_LANGUAGE_STANDARD = gnu99;
				GCC_NO_COMMON_BLOCKS = YES;
				GCC_WARN_64_TO_32_BIT_CONVERSION = YES;
				GCC_WARN_ABOUT_RETURN_TYPE = YES_ERROR;
				GCC_WARN_UNDECLARED_SELECTOR = YES;
				GCC_WARN_UNINITIALIZED_AUTOS = YES_AGGRESSIVE;
				GCC_WARN_UNUSED_FUNCTION = YES;
				GCC_WARN_UNUSED_VARIABLE = YES;
				IPHONEOS_DEPLOYMENT_TARGET = 9.1;
				MTL_ENABLE_DEBUG_INFO = NO;
				SDKROOT = iphoneos;
				VALIDATE_PRODUCT = YES;
			};
			name = Release;
		};
		05ED328B1BEE344E00D53C4B /* Debug */ = {
			isa = XCBuildConfiguration;
			buildSettings = {
				ASSETCATALOG_COMPILER_APPICON_NAME = AppIcon;
				INFOPLIST_FILE = gitDemo/Info.plist;
				LD_RUNPATH_SEARCH_PATHS = "$(inherited) @executable_path/Frameworks";
				PRODUCT_BUNDLE_IDENTIFIER = cn.com.sina.gitDemo;
				PRODUCT_NAME = "$(TARGET_NAME)";
			};
			name = Debug;
		};
		05ED328C1BEE344E00D53C4B /* Release */ = {
			isa = XCBuildConfiguration;
			buildSettings = {
				ASSETCATALOG_COMPILER_APPICON_NAME = AppIcon;
				INFOPLIST_FILE = gitDemo/Info.plist;
				LD_RUNPATH_SEARCH_PATHS = "$(inherited) @executable_path/Frameworks";
				PRODUCT_BUNDLE_IDENTIFIER = cn.com.sina.gitDemo;
				PRODUCT_NAME = "$(TARGET_NAME)";
			};
			name = Release;
		};
/* End XCBuildConfiguration section */

/* Begin XCConfigurationList section */
		05ED326E1BEE344E00D53C4B /* Build configuration list for PBXProject "gitDemo" */ = {
			isa = XCConfigurationList;
			buildConfigurations = (
				05ED32881BEE344E00D53C4B /* Debug */,
				05ED32891BEE344E00D53C4B /* Release */,
			);
			defaultConfigurationIsVisible = 0;
			defaultConfigurationName = Release;
		};
		05ED328A1BEE344E00D53C4B /* Build configuration list for PBXNativeTarget "gitDemo" */ = {
			isa = XCConfigurationList;
			buildConfigurations = (
				05ED328B1BEE344E00D53C4B /* Debug */,
				05ED328C1BEE344E00D53C4B /* Release */,
			);
			defaultConfigurationIsVisible = 0;
		};
/* End XCConfigurationList section */
	};
	rootObject = 05ED326B1BEE344E00D53C4B /* Project object */;
}
